
Microsoft Visual Studio Solution File, Format Version 12.00
# Visual Studio Version 17
VisualStudioVersion = 17.13.36105.23
MinimumVisualStudioVersion = 10.0.40219.1
Project("{8BC9CEB8-8B4A-11D0-8D11-00A0C91BC942}") = "Inheritance", "Inheritance\Inheritance.vcxproj", "{70367EBB-7E22-4C4B-9CB7-023CEA9DA8B7}"
EndProject
Project("{8BC9CEB8-8B4A-11D0-8D11-00A0C91BC942}") = "Academy", "Academy\Academy.vcxproj", "{D119457C-D884-46B6-BA70-707F9DEA8E26}"
EndProject
Project("{8BC9CEB8-8B4A-11D0-8D11-00A0C91BC942}") = "Files", "Files\Files.vcxproj", "{D3EAB8DE-5F13-42D6-B97C-74AB569D2E0F}"
EndProject
Project("{8BC9CEB8-8B4A-11D0-8D11-00A0C91BC942}") = "AbstractGeometry", "AbstractGeometry\AbstractGeometry.vcxproj", "{1BF6E963-8D77-4B36-B747-5C208256AACD}"
EndProject
Project("{8BC9CEB8-8B4A-11D0-8D11-00A0C91BC942}") = "FunctionPointers", "FunctionPointers\FunctionPointers.vcxproj", "{5082D1D7-10CA-4E65-A7C9-083C6C4317BA}"
EndProject
Global
	GlobalSection(SolutionConfigurationPlatforms) = preSolution
		Debug|x64 = Debug|x64
		Debug|x86 = Debug|x86
		Release|x64 = Release|x64
		Release|x86 = Release|x86
	EndGlobalSection
	GlobalSection(ProjectConfigurationPlatforms) = postSolution
		{70367EBB-7E22-4C4B-9CB7-023CEA9DA8B7}.Debug|x64.ActiveCfg = Debug|x64
		{70367EBB-7E22-4C4B-9CB7-023CEA9DA8B7}.Debug|x64.Build.0 = Debug|x64
		{70367EBB-7E22-4C4B-9CB7-023CEA9DA8B7}.Debug|x86.ActiveCfg = Debug|Win32
		{70367EBB-7E22-4C4B-9CB7-023CEA9DA8B7}.Debug|x86.Build.0 = Debug|Win32
		{70367EBB-7E22-4C4B-9CB7-023CEA9DA8B7}.Release|x64.ActiveCfg = Release|x64
		{70367EBB-7E22-4C4B-9CB7-023CEA9DA8B7}.Release|x64.Build.0 = Release|x64
		{70367EBB-7E22-4C4B-9CB7-023CEA9DA8B7}.Release|x86.ActiveCfg = Release|Win32
		{70367EBB-7E22-4C4B-9CB7-023CEA9DA8B7}.Release|x86.Build.0 = Release|Win32
		{D119457C-D884-46B6-BA70-707F9DEA8E26}.Debug|x64.ActiveCfg = Debug|x64
		{D119457C-D884-46B6-BA70-707F9DEA8E26}.Debug|x64.Build.0 = Debug|x64
		{D119457C-D884-46B6-BA70-707F9DEA8E26}.Debug|x86.ActiveCfg = Debug|Win32
		{D119457C-D884-46B6-BA70-707F9DEA8E26}.Debug|x86.Build.0 = Debug|Win32
		{D119457C-D884-46B6-BA70-707F9DEA8E26}.Release|x64.ActiveCfg = Release|x64
		{D119457C-D884-46B6-BA70-707F9DEA8E26}.Release|x64.Build.0 = Release|x64
		{D119457C-D884-46B6-BA70-707F9DEA8E26}.Release|x86.ActiveCfg = Release|Win32
		{D119457C-D884-46B6-BA70-707F9DEA8E26}.Release|x86.Build.0 = Release|Win32
		{D3EAB8DE-5F13-42D6-B97C-74AB569D2E0F}.Debug|x64.ActiveCfg = Debug|x64
		{D3EAB8DE-5F13-42D6-B97C-74AB569D2E0F}.Debug|x64.Build.0 = Debug|x64
		{D3EAB8DE-5F13-42D6-B97C-74AB569D2E0F}.Debug|x86.ActiveCfg = Debug|Win32
		{D3EAB8DE-5F13-42D6-B97C-74AB569D2E0F}.Debug|x86.Build.0 = Debug|Win32
		{D3EAB8DE-5F13-42D6-B97C-74AB569D2E0F}.Release|x64.ActiveCfg = Release|x64
		{D3EAB8DE-5F13-42D6-B97C-74AB569D2E0F}.Release|x64.Build.0 = Release|x64
		{D3EAB8DE-5F13-42D6-B97C-74AB569D2E0F}.Release|x86.ActiveCfg = Release|Win32
		{D3EAB8DE-5F13-42D6-B97C-74AB569D2E0F}.Release|x86.Build.0 = Release|Win32
		{1BF6E963-8D77-4B36-B747-5C208256AACD}.Debug|x64.ActiveCfg = Debug|x64
		{1BF6E963-8D77-4B36-B747-5C208256AACD}.Debug|x64.Build.0 = Debug|x64
		{1BF6E963-8D77-4B36-B747-5C208256AACD}.Debug|x86.ActiveCfg = Debug|Win32
		{1BF6E963-8D77-4B36-B747-5C208256AACD}.Debug|x86.Build.0 = Debug|Win32
		{1BF6E963-8D77-4B36-B747-5C208256AACD}.Release|x64.ActiveCfg = Release|x64
		{1BF6E963-8D77-4B36-B747-5C208256AACD}.Release|x64.Build.0 = Release|x64
		{1BF6E963-8D77-4B36-B747-5C208256AACD}.Release|x86.ActiveCfg = Release|Win32
		{1BF6E963-8D77-4B36-B747-5C208256AACD}.Release|x86.Build.0 = Release|Win32
		{5082D1D7-10CA-4E65-A7C9-083C6C4317BA}.Debug|x64.ActiveCfg = Debug|x64
		{5082D1D7-10CA-4E65-A7C9-083C6C4317BA}.Debug|x64.Build.0 = Debug|x64
		{5082D1D7-10CA-4E65-A7C9-083C6C4317BA}.Debug|x86.ActiveCfg = Debug|Win32
		{5082D1D7-10CA-4E65-A7C9-083C6C4317BA}.Debug|x86.Build.0 = Debug|Win32
		{5082D1D7-10CA-4E65-A7C9-083C6C4317BA}.Release|x64.ActiveCfg = Release|x64
		{5082D1D7-10CA-4E65-A7C9-083C6C4317BA}.Release|x64.Build.0 = Release|x64
		{5082D1D7-10CA-4E65-A7C9-083C6C4317BA}.Release|x86.ActiveCfg = Release|Win32
		{5082D1D7-10CA-4E65-A7C9-083C6C4317BA}.Release|x86.Build.0 = Release|Win32
	EndGlobalSection
	GlobalSection(SolutionProperties) = preSolution
		HideSolutionNode = FALSE
	EndGlobalSection
	GlobalSection(ExtensibilityGlobals) = postSolution
		SolutionGuid = {6E769EB2-09A4-4198-949B-24BFCF4BA0F0}
	EndGlobalSection
EndGlobal
